
Microsoft Visual Studio Solution File, Format Version 12.00
# Visual Studio Version 17
VisualStudioVersion = 17.1.32319.34
MinimumVisualStudioVersion = 10.0.40219.1
Project("{9A19103F-16F7-4668-BE54-9A1E7A4F7556}") = "AplicarDesconto", "AplicarDesconto\AplicarDesconto.csproj", "{3835A6A7-94A4-4E97-91A3-BDF8B8E75C89}"
EndProject
Project("{FAE04EC0-301F-11D3-BF4B-00C04F79EFBC}") = "AplicarDescontoTests", "AplicarDescontoTests\AplicarDescontoTests.csproj", "{0A5A2D71-0DA6-4D58-9ABE-409C8A83A19D}"
EndProject
Global
	GlobalSection(SolutionConfigurationPlatforms) = preSolution
		Debug|Any CPU = Debug|Any CPU
		Release|Any CPU = Release|Any CPU
	EndGlobalSection
	GlobalSection(ProjectConfigurationPlatforms) = postSolution
		{3835A6A7-94A4-4E97-91A3-BDF8B8E75C89}.Debug|Any CPU.ActiveCfg = Debug|Any CPU
		{3835A6A7-94A4-4E97-91A3-BDF8B8E75C89}.Debug|Any CPU.Build.0 = Debug|Any CPU
		{3835A6A7-94A4-4E97-91A3-BDF8B8E75C89}.Release|Any CPU.ActiveCfg = Release|Any CPU
		{3835A6A7-94A4-4E97-91A3-BDF8B8E75C89}.Release|Any CPU.Build.0 = Release|Any CPU
		{0A5A2D71-0DA6-4D58-9ABE-409C8A83A19D}.Debug|Any CPU.ActiveCfg = Debug|Any CPU
		{0A5A2D71-0DA6-4D58-9ABE-409C8A83A19D}.Debug|Any CPU.Build.0 = Debug|Any CPU
		{0A5A2D71-0DA6-4D58-9ABE-409C8A83A19D}.Release|Any CPU.ActiveCfg = Release|Any CPU
		{0A5A2D71-0DA6-4D58-9ABE-409C8A83A19D}.Release|Any CPU.Build.0 = Release|Any CPU
	EndGlobalSection
	GlobalSection(SolutionProperties) = preSolution
		HideSolutionNode = FALSE
	EndGlobalSection
	GlobalSection(ExtensibilityGlobals) = postSolution
		SolutionGuid = {544CD7F0-25E5-44C9-BF98-3879B98D1074}
	EndGlobalSection
EndGlobal
